// !$*UTF8*$!
{
	archiveVersion = 1;
	classes = {
	};
	objectVersion = 56;
	objects = {

/* Begin PBXBuildFile section */
		881C3E042A151BCA004BD236 /* AppDelegate.swift in Sources */ = {isa = PBXBuildFile; fileRef = 881C3E032A151BCA004BD236 /* AppDelegate.swift */; };
		881C3E062A151BCA004BD236 /* SceneDelegate.swift in Sources */ = {isa = PBXBuildFile; fileRef = 881C3E052A151BCA004BD236 /* SceneDelegate.swift */; };
		881C3E082A151BCA004BD236 /* RandomIdeaVC.swift in Sources */ = {isa = PBXBuildFile; fileRef = 881C3E072A151BCA004BD236 /* RandomIdeaVC.swift */; };
		881C3E0D2A151BCB004BD236 /* Assets.xcassets in Resources */ = {isa = PBXBuildFile; fileRef = 881C3E0C2A151BCB004BD236 /* Assets.xcassets */; };
		881C3E102A151BCB004BD236 /* LaunchScreen.storyboard in Resources */ = {isa = PBXBuildFile; fileRef = 881C3E0E2A151BCB004BD236 /* LaunchScreen.storyboard */; };
		881C3E182A151C2D004BD236 /* BIDataManager.swift in Sources */ = {isa = PBXBuildFile; fileRef = 881C3E172A151C2D004BD236 /* BIDataManager.swift */; };
		881C3E1E2A161C03004BD236 /* Activity.swift in Sources */ = {isa = PBXBuildFile; fileRef = 881C3E1D2A161C03004BD236 /* Activity.swift */; };
		881C3E202A1625FA004BD236 /* TabBarController.swift in Sources */ = {isa = PBXBuildFile; fileRef = 881C3E1F2A1625FA004BD236 /* TabBarController.swift */; };
		881C3E222A162625004BD236 /* GenerateIdeaVC.swift in Sources */ = {isa = PBXBuildFile; fileRef = 881C3E212A162625004BD236 /* GenerateIdeaVC.swift */; };
		881C3E242A16569E004BD236 /* AppCoordinator.swift in Sources */ = {isa = PBXBuildFile; fileRef = 881C3E232A16569E004BD236 /* AppCoordinator.swift */; };
		881C3E302A17BE38004BD236 /* IdeaConstructorVC.swift in Sources */ = {isa = PBXBuildFile; fileRef = 881C3E2F2A17BE38004BD236 /* IdeaConstructorVC.swift */; };
/* End PBXBuildFile section */

/* Begin PBXFileReference section */
		881C3E002A151BCA004BD236 /* BoredIdeas.app */ = {isa = PBXFileReference; explicitFileType = wrapper.application; includeInIndex = 0; path = BoredIdeas.app; sourceTree = BUILT_PRODUCTS_DIR; };
		881C3E032A151BCA004BD236 /* AppDelegate.swift */ = {isa = PBXFileReference; lastKnownFileType = sourcecode.swift; path = AppDelegate.swift; sourceTree = "<group>"; };
		881C3E052A151BCA004BD236 /* SceneDelegate.swift */ = {isa = PBXFileReference; lastKnownFileType = sourcecode.swift; path = SceneDelegate.swift; sourceTree = "<group>"; };
		881C3E072A151BCA004BD236 /* RandomIdeaVC.swift */ = {isa = PBXFileReference; lastKnownFileType = sourcecode.swift; path = RandomIdeaVC.swift; sourceTree = "<group>"; };
		881C3E0C2A151BCB004BD236 /* Assets.xcassets */ = {isa = PBXFileReference; lastKnownFileType = folder.assetcatalog; path = Assets.xcassets; sourceTree = "<group>"; };
		881C3E0F2A151BCB004BD236 /* Base */ = {isa = PBXFileReference; lastKnownFileType = file.storyboard; name = Base; path = Base.lproj/LaunchScreen.storyboard; sourceTree = "<group>"; };
		881C3E112A151BCB004BD236 /* Info.plist */ = {isa = PBXFileReference; lastKnownFileType = text.plist.xml; path = Info.plist; sourceTree = "<group>"; };
		881C3E172A151C2D004BD236 /* BIDataManager.swift */ = {isa = PBXFileReference; lastKnownFileType = sourcecode.swift; path = BIDataManager.swift; sourceTree = "<group>"; };
		881C3E1D2A161C03004BD236 /* Activity.swift */ = {isa = PBXFileReference; lastKnownFileType = sourcecode.swift; path = Activity.swift; sourceTree = "<group>"; };
		881C3E1F2A1625FA004BD236 /* TabBarController.swift */ = {isa = PBXFileReference; lastKnownFileType = sourcecode.swift; path = TabBarController.swift; sourceTree = "<group>"; };
		881C3E212A162625004BD236 /* GenerateIdeaVC.swift */ = {isa = PBXFileReference; lastKnownFileType = sourcecode.swift; path = GenerateIdeaVC.swift; sourceTree = "<group>"; };
		881C3E232A16569E004BD236 /* AppCoordinator.swift */ = {isa = PBXFileReference; lastKnownFileType = sourcecode.swift; path = AppCoordinator.swift; sourceTree = "<group>"; };
		881C3E2F2A17BE38004BD236 /* IdeaConstructorVC.swift */ = {isa = PBXFileReference; lastKnownFileType = sourcecode.swift; path = IdeaConstructorVC.swift; sourceTree = "<group>"; };
/* End PBXFileReference section */

/* Begin PBXFrameworksBuildPhase section */
		881C3DFD2A151BCA004BD236 /* Frameworks */ = {
			isa = PBXFrameworksBuildPhase;
			buildActionMask = 2147483647;
			files = (
			);
			runOnlyForDeploymentPostprocessing = 0;
		};
/* End PBXFrameworksBuildPhase section */

/* Begin PBXGroup section */
		881C3DF72A151BCA004BD236 = {
			isa = PBXGroup;
			children = (
				881C3E022A151BCA004BD236 /* BoredIdeas */,
				881C3E012A151BCA004BD236 /* Products */,
			);
			sourceTree = "<group>";
		};
		881C3E012A151BCA004BD236 /* Products */ = {
			isa = PBXGroup;
			children = (
				881C3E002A151BCA004BD236 /* BoredIdeas.app */,
			);
			name = Products;
			sourceTree = "<group>";
		};
		881C3E022A151BCA004BD236 /* BoredIdeas */ = {
			isa = PBXGroup;
			children = (
				881C3E272A17A467004BD236 /* Core */,
				881C3E282A17A475004BD236 /* VIewController */,
				881C3E2B2A17A4A0004BD236 /* Manager */,
				881C3E2A2A17A495004BD236 /* Model */,
				881C3E292A17A485004BD236 /* Coordinator */,
				881C3E2C2A17A4A8004BD236 /* Resources */,
				881C3E112A151BCB004BD236 /* Info.plist */,
			);
			path = BoredIdeas;
			sourceTree = "<group>";
		};
		881C3E272A17A467004BD236 /* Core */ = {
			isa = PBXGroup;
			children = (
				881C3E032A151BCA004BD236 /* AppDelegate.swift */,
				881C3E052A151BCA004BD236 /* SceneDelegate.swift */,
			);
			path = Core;
			sourceTree = "<group>";
		};
		881C3E282A17A475004BD236 /* VIewController */ = {
			isa = PBXGroup;
			children = (
				881C3E1F2A1625FA004BD236 /* TabBarController.swift */,
				881C3E212A162625004BD236 /* GenerateIdeaVC.swift */,
				881C3E072A151BCA004BD236 /* RandomIdeaVC.swift */,
				881C3E2F2A17BE38004BD236 /* IdeaConstructorVC.swift */,
			);
			path = VIewController;
			sourceTree = "<group>";
		};
		881C3E292A17A485004BD236 /* Coordinator */ = {
			isa = PBXGroup;
			children = (
				881C3E232A16569E004BD236 /* AppCoordinator.swift */,
			);
			path = Coordinator;
			sourceTree = "<group>";
		};
		881C3E2A2A17A495004BD236 /* Model */ = {
			isa = PBXGroup;
			children = (
				881C3E1D2A161C03004BD236 /* Activity.swift */,
			);
			path = Model;
			sourceTree = "<group>";
		};
		881C3E2B2A17A4A0004BD236 /* Manager */ = {
			isa = PBXGroup;
			children = (
				881C3E172A151C2D004BD236 /* BIDataManager.swift */,
			);
			path = Manager;
			sourceTree = "<group>";
		};
		881C3E2C2A17A4A8004BD236 /* Resources */ = {
			isa = PBXGroup;
			children = (
				881C3E0C2A151BCB004BD236 /* Assets.xcassets */,
				881C3E0E2A151BCB004BD236 /* LaunchScreen.storyboard */,
			);
			path = Resources;
			sourceTree = "<group>";
		};
/* End PBXGroup section */

/* Begin PBXNativeTarget section */
		881C3DFF2A151BCA004BD236 /* BoredIdeas */ = {
			isa = PBXNativeTarget;
			buildConfigurationList = 881C3E142A151BCB004BD236 /* Build configuration list for PBXNativeTarget "BoredIdeas" */;
			buildPhases = (
				881C3DFC2A151BCA004BD236 /* Sources */,
				881C3DFD2A151BCA004BD236 /* Frameworks */,
				881C3DFE2A151BCA004BD236 /* Resources */,
			);
			buildRules = (
			);
			dependencies = (
			);
			name = BoredIdeas;
			productName = BoredIdeas;
			productReference = 881C3E002A151BCA004BD236 /* BoredIdeas.app */;
			productType = "com.apple.product-type.application";
		};
/* End PBXNativeTarget section */

/* Begin PBXProject section */
		881C3DF82A151BCA004BD236 /* Project object */ = {
			isa = PBXProject;
			attributes = {
				BuildIndependentTargetsInParallel = 1;
				LastSwiftUpdateCheck = 1420;
				LastUpgradeCheck = 1420;
				TargetAttributes = {
					881C3DFF2A151BCA004BD236 = {
						CreatedOnToolsVersion = 14.2;
					};
				};
			};
			buildConfigurationList = 881C3DFB2A151BCA004BD236 /* Build configuration list for PBXProject "BoredIdeas" */;
			compatibilityVersion = "Xcode 14.0";
			developmentRegion = en;
			hasScannedForEncodings = 0;
			knownRegions = (
				en,
				Base,
			);
			mainGroup = 881C3DF72A151BCA004BD236;
			productRefGroup = 881C3E012A151BCA004BD236 /* Products */;
			projectDirPath = "";
			projectRoot = "";
			targets = (
				881C3DFF2A151BCA004BD236 /* BoredIdeas */,
			);
		};
/* End PBXProject section */

/* Begin PBXResourcesBuildPhase section */
		881C3DFE2A151BCA004BD236 /* Resources */ = {
			isa = PBXResourcesBuildPhase;
			buildActionMask = 2147483647;
			files = (
				881C3E102A151BCB004BD236 /* LaunchScreen.storyboard in Resources */,
				881C3E0D2A151BCB004BD236 /* Assets.xcassets in Resources */,
			);
			runOnlyForDeploymentPostprocessing = 0;
		};
/* End PBXResourcesBuildPhase section */

/* Begin PBXSourcesBuildPhase section */
		881C3DFC2A151BCA004BD236 /* Sources */ = {
			isa = PBXSourcesBuildPhase;
			buildActionMask = 2147483647;
			files = (
				881C3E222A162625004BD236 /* GenerateIdeaVC.swift in Sources */,
				881C3E182A151C2D004BD236 /* BIDataManager.swift in Sources */,
				881C3E302A17BE38004BD236 /* IdeaConstructorVC.swift in Sources */,
				881C3E082A151BCA004BD236 /* RandomIdeaVC.swift in Sources */,
				881C3E1E2A161C03004BD236 /* Activity.swift in Sources */,
				881C3E242A16569E004BD236 /* AppCoordinator.swift in Sources */,
				881C3E202A1625FA004BD236 /* TabBarController.swift in Sources */,
				881C3E042A151BCA004BD236 /* AppDelegate.swift in Sources */,
				881C3E062A151BCA004BD236 /* SceneDelegate.swift in Sources */,
			);
			runOnlyForDeploymentPostprocessing = 0;
		};
/* End PBXSourcesBuildPhase section */

/* Begin PBXVariantGroup section */
		881C3E0E2A151BCB004BD236 /* LaunchScreen.storyboard */ = {
			isa = PBXVariantGroup;
			children = (
				881C3E0F2A151BCB004BD236 /* Base */,
			);
			name = LaunchScreen.storyboard;
			sourceTree = "<group>";
		};
/* End PBXVariantGroup section */

/* Begin XCBuildConfiguration section */
		881C3E122A151BCB004BD236 /* Debug */ = {
			isa = XCBuildConfiguration;
			buildSettings = {
				ALWAYS_SEARCH_USER_PATHS = NO;
				CLANG_ANALYZER_NONNULL = YES;
				CLANG_ANALYZER_NUMBER_OBJECT_CONVERSION = YES_AGGRESSIVE;
				CLANG_CXX_LANGUAGE_STANDARD = "gnu++20";
				CLANG_ENABLE_MODULES = YES;
				CLANG_ENABLE_OBJC_ARC = YES;
				CLANG_ENABLE_OBJC_WEAK = YES;
				CLANG_WARN_BLOCK_CAPTURE_AUTORELEASING = YES;
				CLANG_WARN_BOOL_CONVERSION = YES;
				CLANG_WARN_COMMA = YES;
				CLANG_WARN_CONSTANT_CONVERSION = YES;
				CLANG_WARN_DEPRECATED_OBJC_IMPLEMENTATIONS = YES;
				CLANG_WARN_DIRECT_OBJC_ISA_USAGE = YES_ERROR;
				CLANG_WARN_DOCUMENTATION_COMMENTS = YES;
				CLANG_WARN_EMPTY_BODY = YES;
				CLANG_WARN_ENUM_CONVERSION = YES;
				CLANG_WARN_INFINITE_RECURSION = YES;
				CLANG_WARN_INT_CONVERSION = YES;
				CLANG_WARN_NON_LITERAL_NULL_CONVERSION = YES;
				CLANG_WARN_OBJC_IMPLICIT_RETAIN_SELF = YES;
				CLANG_WARN_OBJC_LITERAL_CONVERSION = YES;
				CLANG_WARN_OBJC_ROOT_CLASS = YES_ERROR;
				CLANG_WARN_QUOTED_INCLUDE_IN_FRAMEWORK_HEADER = YES;
				CLANG_WARN_RANGE_LOOP_ANALYSIS = YES;
				CLANG_WARN_STRICT_PROTOTYPES = YES;
				CLANG_WARN_SUSPICIOUS_MOVE = YES;
				CLANG_WARN_UNGUARDED_AVAILABILITY = YES_AGGRESSIVE;
				CLANG_WARN_UNREACHABLE_CODE = YES;
				CLANG_WARN__DUPLICATE_METHOD_MATCH = YES;
				COPY_PHASE_STRIP = NO;
				DEBUG_INFORMATION_FORMAT = dwarf;
				ENABLE_STRICT_OBJC_MSGSEND = YES;
				ENABLE_TESTABILITY = YES;
				GCC_C_LANGUAGE_STANDARD = gnu11;
				GCC_DYNAMIC_NO_PIC = NO;
				GCC_NO_COMMON_BLOCKS = YES;
				GCC_OPTIMIZATION_LEVEL = 0;
				GCC_PREPROCESSOR_DEFINITIONS = (
					"DEBUG=1",
					"$(inherited)",
				);
				GCC_WARN_64_TO_32_BIT_CONVERSION = YES;
				GCC_WARN_ABOUT_RETURN_TYPE = YES_ERROR;
				GCC_WARN_UNDECLARED_SELECTOR = YES;
				GCC_WARN_UNINITIALIZED_AUTOS = YES_AGGRESSIVE;
				GCC_WARN_UNUSED_FUNCTION = YES;
				GCC_WARN_UNUSED_VARIABLE = YES;
				IPHONEOS_DEPLOYMENT_TARGET = 16.2;
				MTL_ENABLE_DEBUG_INFO = INCLUDE_SOURCE;
				MTL_FAST_MATH = YES;
				ONLY_ACTIVE_ARCH = YES;
				SDKROOT = iphoneos;
				SWIFT_ACTIVE_COMPILATION_CONDITIONS = DEBUG;
				SWIFT_OPTIMIZATION_LEVEL = "-Onone";
			};
			name = Debug;
		};
		881C3E132A151BCB004BD236 /* Release */ = {
			isa = XCBuildConfiguration;
			buildSettings = {
				ALWAYS_SEARCH_USER_PATHS = NO;
				CLANG_ANALYZER_NONNULL = YES;
				CLANG_ANALYZER_NUMBER_OBJECT_CONVERSION = YES_AGGRESSIVE;
				CLANG_CXX_LANGUAGE_STANDARD = "gnu++20";
				CLANG_ENABLE_MODULES = YES;
				CLANG_ENABLE_OBJC_ARC = YES;
				CLANG_ENABLE_OBJC_WEAK = YES;
				CLANG_WARN_BLOCK_CAPTURE_AUTORELEASING = YES;
				CLANG_WARN_BOOL_CONVERSION = YES;
				CLANG_WARN_COMMA = YES;
				CLANG_WARN_CONSTANT_CONVERSION = YES;
				CLANG_WARN_DEPRECATED_OBJC_IMPLEMENTATIONS = YES;
				CLANG_WARN_DIRECT_OBJC_ISA_USAGE = YES_ERROR;
				CLANG_WARN_DOCUMENTATION_COMMENTS = YES;
				CLANG_WARN_EMPTY_BODY = YES;
				CLANG_WARN_ENUM_CONVERSION = YES;
				CLANG_WARN_INFINITE_RECURSION = YES;
				CLANG_WARN_INT_CONVERSION = YES;
				CLANG_WARN_NON_LITERAL_NULL_CONVERSION = YES;
				CLANG_WARN_OBJC_IMPLICIT_RETAIN_SELF = YES;
				CLANG_WARN_OBJC_LITERAL_CONVERSION = YES;
				CLANG_WARN_OBJC_ROOT_CLASS = YES_ERROR;
				CLANG_WARN_QUOTED_INCLUDE_IN_FRAMEWORK_HEADER = YES;
				CLANG_WARN_RANGE_LOOP_ANALYSIS = YES;
				CLANG_WARN_STRICT_PROTOTYPES = YES;
				CLANG_WARN_SUSPICIOUS_MOVE = YES;
				CLANG_WARN_UNGUARDED_AVAILABILITY = YES_AGGRESSIVE;
				CLANG_WARN_UNREACHABLE_CODE = YES;
				CLANG_WARN__DUPLICATE_METHOD_MATCH = YES;
				COPY_PHASE_STRIP = NO;
				DEBUG_INFORMATION_FORMAT = "dwarf-with-dsym";
				ENABLE_NS_ASSERTIONS = NO;
				ENABLE_STRICT_OBJC_MSGSEND = YES;
				GCC_C_LANGUAGE_STANDARD = gnu11;
				GCC_NO_COMMON_BLOCKS = YES;
				GCC_WARN_64_TO_32_BIT_CONVERSION = YES;
				GCC_WARN_ABOUT_RETURN_TYPE = YES_ERROR;
				GCC_WARN_UNDECLARED_SELECTOR = YES;
				GCC_WARN_UNINITIALIZED_AUTOS = YES_AGGRESSIVE;
				GCC_WARN_UNUSED_FUNCTION = YES;
				GCC_WARN_UNUSED_VARIABLE = YES;
				IPHONEOS_DEPLOYMENT_TARGET = 16.2;
				MTL_ENABLE_DEBUG_INFO = NO;
				MTL_FAST_MATH = YES;
				SDKROOT = iphoneos;
				SWIFT_COMPILATION_MODE = wholemodule;
				SWIFT_OPTIMIZATION_LEVEL = "-O";
				VALIDATE_PRODUCT = YES;
			};
			name = Release;
		};
		881C3E152A151BCB004BD236 /* Debug */ = {
			isa = XCBuildConfiguration;
			buildSettings = {
				ASSETCATALOG_COMPILER_APPICON_NAME = AppIcon;
				ASSETCATALOG_COMPILER_GLOBAL_ACCENT_COLOR_NAME = AccentColor;
				CODE_SIGN_STYLE = Automatic;
				CURRENT_PROJECT_VERSION = 1;
				GENERATE_INFOPLIST_FILE = YES;
				INFOPLIST_FILE = BoredIdeas/Info.plist;
				INFOPLIST_KEY_UIApplicationSupportsIndirectInputEvents = YES;
				INFOPLIST_KEY_UILaunchStoryboardName = LaunchScreen;
				INFOPLIST_KEY_UISupportedInterfaceOrientations_iPad = "UIInterfaceOrientationPortrait UIInterfaceOrientationPortraitUpsideDown UIInterfaceOrientationLandscapeLeft UIInterfaceOrientationLandscapeRight";
				INFOPLIST_KEY_UISupportedInterfaceOrientations_iPhone = "UIInterfaceOrientationPortrait UIInterfaceOrientationLandscapeLeft UIInterfaceOrientationLandscapeRight";
				LD_RUNPATH_SEARCH_PATHS = (
					"$(inherited)",
					"@executable_path/Frameworks",
				);
				MARKETING_VERSION = 1.0;
				PRODUCT_BUNDLE_IDENTIFIER = test.com.BoredIdeas;
				PRODUCT_NAME = "$(TARGET_NAME)";
				SWIFT_EMIT_LOC_STRINGS = YES;
				SWIFT_VERSION = 5.0;
				TARGETED_DEVICE_FAMILY = "1,2";
			};
			name = Debug;
		};
		881C3E162A151BCB004BD236 /* Release */ = {
			isa = XCBuildConfiguration;
			buildSettings = {
				ASSETCATALOG_COMPILER_APPICON_NAME = AppIcon;
				ASSETCATALOG_COMPILER_GLOBAL_ACCENT_COLOR_NAME = AccentColor;
				CODE_SIGN_STYLE = Automatic;
				CURRENT_PROJECT_VERSION = 1;
				GENERATE_INFOPLIST_FILE = YES;
				INFOPLIST_FILE = BoredIdeas/Info.plist;
				INFOPLIST_KEY_UIApplicationSupportsIndirectInputEvents = YES;
				INFOPLIST_KEY_UILaunchStoryboardName = LaunchScreen;
				INFOPLIST_KEY_UISupportedInterfaceOrientations_iPad = "UIInterfaceOrientationPortrait UIInterfaceOrientationPortraitUpsideDown UIInterfaceOrientationLandscapeLeft UIInterfaceOrientationLandscapeRight";
				INFOPLIST_KEY_UISupportedInterfaceOrientations_iPhone = "UIInterfaceOrientationPortrait UIInterfaceOrientationLandscapeLeft UIInterfaceOrientationLandscapeRight";
				LD_RUNPATH_SEARCH_PATHS = (
					"$(inherited)",
					"@executable_path/Frameworks",
				);
				MARKETING_VERSION = 1.0;
				PRODUCT_BUNDLE_IDENTIFIER = test.com.BoredIdeas;
				PRODUCT_NAME = "$(TARGET_NAME)";
				SWIFT_EMIT_LOC_STRINGS = YES;
				SWIFT_VERSION = 5.0;
				TARGETED_DEVICE_FAMILY = "1,2";
			};
			name = Release;
		};
/* End XCBuildConfiguration section */

/* Begin XCConfigurationList section */
		881C3DFB2A151BCA004BD236 /* Build configuration list for PBXProject "BoredIdeas" */ = {
			isa = XCConfigurationList;
			buildConfigurations = (
				881C3E122A151BCB004BD236 /* Debug */,
				881C3E132A151BCB004BD236 /* Release */,
			);
			defaultConfigurationIsVisible = 0;
			defaultConfigurationName = Release;
		};
		881C3E142A151BCB004BD236 /* Build configuration list for PBXNativeTarget "BoredIdeas" */ = {
			isa = XCConfigurationList;
			buildConfigurations = (
				881C3E152A151BCB004BD236 /* Debug */,
				881C3E162A151BCB004BD236 /* Release */,
			);
			defaultConfigurationIsVisible = 0;
			defaultConfigurationName = Release;
		};
/* End XCConfigurationList section */
	};
	rootObject = 881C3DF82A151BCA004BD236 /* Project object */;
}
